
Microsoft Visual Studio Solution File, Format Version 12.00
# Visual Studio Version 17
VisualStudioVersion = 17.0.31903.59
MinimumVisualStudioVersion = 10.0.40219.1
Project("{2150E333-8FDC-42A3-9474-1A3956D46DE8}") = "Solution Items", "Solution Items", "{62E29C7E-3AB2-41E3-81C5-46D423C32C3D}"
	ProjectSection(SolutionItems) = preProject
		.dockerignore = .dockerignore
		.editorconfig = .editorconfig
		.gitattributes = .gitattributes
		.github\workflows\ci.yml = .github\workflows\ci.yml
		.gitignore = .gitignore
		AGENTS.md = AGENTS.md
		Directory.Build.props = Directory.Build.props
		Directory.Build.targets = Directory.Build.targets
		Directory.Packages.props = Directory.Packages.props
		global.json = global.json
		LICENSE = LICENSE
		README.md = README.md
	EndProjectSection
EndProject
Project("{2150E333-8FDC-42A3-9474-1A3956D46DE8}") = "src", "src", "{827E0CD3-B72D-47B6-A68D-7590B98EB39B}"
EndProject
Project("{FAE04EC0-301F-11D3-BF4B-00C04F79EFBC}") = "Organization.Product.Host", "src\Organization.Product.Host\Organization.Product.Host.csproj", "{3BFAEA51-8A9B-473C-A689-ACAE6DC5AE7E}"
EndProject
Project("{2150E333-8FDC-42A3-9474-1A3956D46DE8}") = "Module", "Module", "{510D342B-19DB-D665-C227-CF21083D95D6}"
EndProject
Project("{FAE04EC0-301F-11D3-BF4B-00C04F79EFBC}") = "Organization.Product.Module.Application", "src\Module\Organization.Product.Module.Application\Organization.Product.Module.Application.csproj", "{AA96863E-9346-49F3-AD16-F4A6DEE10032}"
EndProject
Project("{FAE04EC0-301F-11D3-BF4B-00C04F79EFBC}") = "Organization.Product.Module.Domain", "src\Module\Organization.Product.Module.Domain\Organization.Product.Module.Domain.csproj", "{779A15FB-EA76-480A-A76A-BCEE6703BD9E}"
EndProject
Project("{FAE04EC0-301F-11D3-BF4B-00C04F79EFBC}") = "Organization.Product.Module.Infrastructure", "src\Module\Organization.Product.Module.Infrastructure\Organization.Product.Module.Infrastructure.csproj", "{7443FAA0-0CBB-4B8D-B521-02188CF37FB6}"
EndProject
Project("{FAE04EC0-301F-11D3-BF4B-00C04F79EFBC}") = "Organization.Product.Module.Presentation", "src\Module\Organization.Product.Module.Presentation\Organization.Product.Module.Presentation.csproj", "{4ABA534C-4A87-4B1C-850E-A0EC45ECDB4E}"
EndProject
Project("{2150E333-8FDC-42A3-9474-1A3956D46DE8}") = "tests", "tests", "{0AB3BF05-4346-4AA6-1389-037BE0695223}"
EndProject
Project("{2150E333-8FDC-42A3-9474-1A3956D46DE8}") = "Module", "Module", "{F93D004A-87CD-C9ED-684C-C78CC8DBD63B}"
EndProject
Project("{FAE04EC0-301F-11D3-BF4B-00C04F79EFBC}") = "Organization.Product.Module.FunctionalTests", "tests\Module\Organization.Product.Module.FunctionalTests\Organization.Product.Module.FunctionalTests.csproj", "{046561FD-5914-4FAC-A648-17581FF4027E}"
EndProject
Project("{FAE04EC0-301F-11D3-BF4B-00C04F79EFBC}") = "Organization.Product.Module.IntegrationTests", "tests\Module\Organization.Product.Module.IntegrationTests\Organization.Product.Module.IntegrationTests.csproj", "{1E6CE178-A0E3-4A18-BA25-6684C412952C}"
EndProject
Project("{FAE04EC0-301F-11D3-BF4B-00C04F79EFBC}") = "Organization.Product.Module.UnitTests", "tests\Module\Organization.Product.Module.UnitTests\Organization.Product.Module.UnitTests.csproj", "{A692EA07-400D-4C72-9D0C-6ADED4CFE403}"
EndProject
Project("{FAE04EC0-301F-11D3-BF4B-00C04F79EFBC}") = "Organization.Product.ArchitectureTests", "tests\Organization.Product.ArchitectureTests\Organization.Product.ArchitectureTests.csproj", "{16808228-B626-4366-96CE-EAA69FD5ACA5}"
EndProject
Project("{FAE04EC0-301F-11D3-BF4B-00C04F79EFBC}") = "Organization.Product.Testing", "tests\Organization.Product.Testing\Organization.Product.Testing.csproj", "{81BD7AB1-AEA9-473A-BCDC-6522866C5E85}"
EndProject
Project("{2150E333-8FDC-42A3-9474-1A3956D46DE8}") = "tools", "tools", "{07C2787E-EAC7-C090-1BA3-A61EC2A24D84}"
EndProject
Project("{FAE04EC0-301F-11D3-BF4B-00C04F79EFBC}") = "Organization.Product.Ef.Migrator", "tools\Organization.Product.Ef.Migrator\Organization.Product.Ef.Migrator.csproj", "{6DFF012A-8B0B-4E06-823E-A07BBCF5AFFB}"
EndProject
Global
	GlobalSection(SolutionConfigurationPlatforms) = preSolution
		Debug|Any CPU = Debug|Any CPU
		Debug|x64 = Debug|x64
		Debug|x86 = Debug|x86
		Release|Any CPU = Release|Any CPU
		Release|x64 = Release|x64
		Release|x86 = Release|x86
	EndGlobalSection
	GlobalSection(ProjectConfigurationPlatforms) = postSolution
		{3BFAEA51-8A9B-473C-A689-ACAE6DC5AE7E}.Debug|Any CPU.ActiveCfg = Debug|Any CPU
		{3BFAEA51-8A9B-473C-A689-ACAE6DC5AE7E}.Debug|Any CPU.Build.0 = Debug|Any CPU
		{3BFAEA51-8A9B-473C-A689-ACAE6DC5AE7E}.Debug|x64.ActiveCfg = Debug|Any CPU
		{3BFAEA51-8A9B-473C-A689-ACAE6DC5AE7E}.Debug|x64.Build.0 = Debug|Any CPU
		{3BFAEA51-8A9B-473C-A689-ACAE6DC5AE7E}.Debug|x86.ActiveCfg = Debug|Any CPU
		{3BFAEA51-8A9B-473C-A689-ACAE6DC5AE7E}.Debug|x86.Build.0 = Debug|Any CPU
		{3BFAEA51-8A9B-473C-A689-ACAE6DC5AE7E}.Release|Any CPU.ActiveCfg = Release|Any CPU
		{3BFAEA51-8A9B-473C-A689-ACAE6DC5AE7E}.Release|Any CPU.Build.0 = Release|Any CPU
		{3BFAEA51-8A9B-473C-A689-ACAE6DC5AE7E}.Release|x64.ActiveCfg = Release|Any CPU
		{3BFAEA51-8A9B-473C-A689-ACAE6DC5AE7E}.Release|x64.Build.0 = Release|Any CPU
		{3BFAEA51-8A9B-473C-A689-ACAE6DC5AE7E}.Release|x86.ActiveCfg = Release|Any CPU
		{3BFAEA51-8A9B-473C-A689-ACAE6DC5AE7E}.Release|x86.Build.0 = Release|Any CPU
		{AA96863E-9346-49F3-AD16-F4A6DEE10032}.Debug|Any CPU.ActiveCfg = Debug|Any CPU
		{AA96863E-9346-49F3-AD16-F4A6DEE10032}.Debug|Any CPU.Build.0 = Debug|Any CPU
		{AA96863E-9346-49F3-AD16-F4A6DEE10032}.Debug|x64.ActiveCfg = Debug|Any CPU
		{AA96863E-9346-49F3-AD16-F4A6DEE10032}.Debug|x64.Build.0 = Debug|Any CPU
		{AA96863E-9346-49F3-AD16-F4A6DEE10032}.Debug|x86.ActiveCfg = Debug|Any CPU
		{AA96863E-9346-49F3-AD16-F4A6DEE10032}.Debug|x86.Build.0 = Debug|Any CPU
		{AA96863E-9346-49F3-AD16-F4A6DEE10032}.Release|Any CPU.ActiveCfg = Release|Any CPU
		{AA96863E-9346-49F3-AD16-F4A6DEE10032}.Release|Any CPU.Build.0 = Release|Any CPU
		{AA96863E-9346-49F3-AD16-F4A6DEE10032}.Release|x64.ActiveCfg = Release|Any CPU
		{AA96863E-9346-49F3-AD16-F4A6DEE10032}.Release|x64.Build.0 = Release|Any CPU
		{AA96863E-9346-49F3-AD16-F4A6DEE10032}.Release|x86.ActiveCfg = Release|Any CPU
		{AA96863E-9346-49F3-AD16-F4A6DEE10032}.Release|x86.Build.0 = Release|Any CPU
		{779A15FB-EA76-480A-A76A-BCEE6703BD9E}.Debug|Any CPU.ActiveCfg = Debug|Any CPU
		{779A15FB-EA76-480A-A76A-BCEE6703BD9E}.Debug|Any CPU.Build.0 = Debug|Any CPU
		{779A15FB-EA76-480A-A76A-BCEE6703BD9E}.Debug|x64.ActiveCfg = Debug|Any CPU
		{779A15FB-EA76-480A-A76A-BCEE6703BD9E}.Debug|x64.Build.0 = Debug|Any CPU
		{779A15FB-EA76-480A-A76A-BCEE6703BD9E}.Debug|x86.ActiveCfg = Debug|Any CPU
		{779A15FB-EA76-480A-A76A-BCEE6703BD9E}.Debug|x86.Build.0 = Debug|Any CPU
		{779A15FB-EA76-480A-A76A-BCEE6703BD9E}.Release|Any CPU.ActiveCfg = Release|Any CPU
		{779A15FB-EA76-480A-A76A-BCEE6703BD9E}.Release|Any CPU.Build.0 = Release|Any CPU
		{779A15FB-EA76-480A-A76A-BCEE6703BD9E}.Release|x64.ActiveCfg = Release|Any CPU
		{779A15FB-EA76-480A-A76A-BCEE6703BD9E}.Release|x64.Build.0 = Release|Any CPU
		{779A15FB-EA76-480A-A76A-BCEE6703BD9E}.Release|x86.ActiveCfg = Release|Any CPU
		{779A15FB-EA76-480A-A76A-BCEE6703BD9E}.Release|x86.Build.0 = Release|Any CPU
		{7443FAA0-0CBB-4B8D-B521-02188CF37FB6}.Debug|Any CPU.ActiveCfg = Debug|Any CPU
		{7443FAA0-0CBB-4B8D-B521-02188CF37FB6}.Debug|Any CPU.Build.0 = Debug|Any CPU
		{7443FAA0-0CBB-4B8D-B521-02188CF37FB6}.Debug|x64.ActiveCfg = Debug|Any CPU
		{7443FAA0-0CBB-4B8D-B521-02188CF37FB6}.Debug|x64.Build.0 = Debug|Any CPU
		{7443FAA0-0CBB-4B8D-B521-02188CF37FB6}.Debug|x86.ActiveCfg = Debug|Any CPU
		{7443FAA0-0CBB-4B8D-B521-02188CF37FB6}.Debug|x86.Build.0 = Debug|Any CPU
		{7443FAA0-0CBB-4B8D-B521-02188CF37FB6}.Release|Any CPU.ActiveCfg = Release|Any CPU
		{7443FAA0-0CBB-4B8D-B521-02188CF37FB6}.Release|Any CPU.Build.0 = Release|Any CPU
		{7443FAA0-0CBB-4B8D-B521-02188CF37FB6}.Release|x64.ActiveCfg = Release|Any CPU
		{7443FAA0-0CBB-4B8D-B521-02188CF37FB6}.Release|x64.Build.0 = Release|Any CPU
		{7443FAA0-0CBB-4B8D-B521-02188CF37FB6}.Release|x86.ActiveCfg = Release|Any CPU
		{7443FAA0-0CBB-4B8D-B521-02188CF37FB6}.Release|x86.Build.0 = Release|Any CPU
		{4ABA534C-4A87-4B1C-850E-A0EC45ECDB4E}.Debug|Any CPU.ActiveCfg = Debug|Any CPU
		{4ABA534C-4A87-4B1C-850E-A0EC45ECDB4E}.Debug|Any CPU.Build.0 = Debug|Any CPU
		{4ABA534C-4A87-4B1C-850E-A0EC45ECDB4E}.Debug|x64.ActiveCfg = Debug|Any CPU
		{4ABA534C-4A87-4B1C-850E-A0EC45ECDB4E}.Debug|x64.Build.0 = Debug|Any CPU
		{4ABA534C-4A87-4B1C-850E-A0EC45ECDB4E}.Debug|x86.ActiveCfg = Debug|Any CPU
		{4ABA534C-4A87-4B1C-850E-A0EC45ECDB4E}.Debug|x86.Build.0 = Debug|Any CPU
		{4ABA534C-4A87-4B1C-850E-A0EC45ECDB4E}.Release|Any CPU.ActiveCfg = Release|Any CPU
		{4ABA534C-4A87-4B1C-850E-A0EC45ECDB4E}.Release|Any CPU.Build.0 = Release|Any CPU
		{4ABA534C-4A87-4B1C-850E-A0EC45ECDB4E}.Release|x64.ActiveCfg = Release|Any CPU
		{4ABA534C-4A87-4B1C-850E-A0EC45ECDB4E}.Release|x64.Build.0 = Release|Any CPU
		{4ABA534C-4A87-4B1C-850E-A0EC45ECDB4E}.Release|x86.ActiveCfg = Release|Any CPU
		{4ABA534C-4A87-4B1C-850E-A0EC45ECDB4E}.Release|x86.Build.0 = Release|Any CPU
		{046561FD-5914-4FAC-A648-17581FF4027E}.Debug|Any CPU.ActiveCfg = Debug|Any CPU
		{046561FD-5914-4FAC-A648-17581FF4027E}.Debug|Any CPU.Build.0 = Debug|Any CPU
		{046561FD-5914-4FAC-A648-17581FF4027E}.Debug|x64.ActiveCfg = Debug|Any CPU
		{046561FD-5914-4FAC-A648-17581FF4027E}.Debug|x64.Build.0 = Debug|Any CPU
		{046561FD-5914-4FAC-A648-17581FF4027E}.Debug|x86.ActiveCfg = Debug|Any CPU
		{046561FD-5914-4FAC-A648-17581FF4027E}.Debug|x86.Build.0 = Debug|Any CPU
		{046561FD-5914-4FAC-A648-17581FF4027E}.Release|Any CPU.ActiveCfg = Release|Any CPU
		{046561FD-5914-4FAC-A648-17581FF4027E}.Release|Any CPU.Build.0 = Release|Any CPU
		{046561FD-5914-4FAC-A648-17581FF4027E}.Release|x64.ActiveCfg = Release|Any CPU
		{046561FD-5914-4FAC-A648-17581FF4027E}.Release|x64.Build.0 = Release|Any CPU
		{046561FD-5914-4FAC-A648-17581FF4027E}.Release|x86.ActiveCfg = Release|Any CPU
		{046561FD-5914-4FAC-A648-17581FF4027E}.Release|x86.Build.0 = Release|Any CPU
		{1E6CE178-A0E3-4A18-BA25-6684C412952C}.Debug|Any CPU.ActiveCfg = Debug|Any CPU
		{1E6CE178-A0E3-4A18-BA25-6684C412952C}.Debug|Any CPU.Build.0 = Debug|Any CPU
		{1E6CE178-A0E3-4A18-BA25-6684C412952C}.Debug|x64.ActiveCfg = Debug|Any CPU
		{1E6CE178-A0E3-4A18-BA25-6684C412952C}.Debug|x64.Build.0 = Debug|Any CPU
		{1E6CE178-A0E3-4A18-BA25-6684C412952C}.Debug|x86.ActiveCfg = Debug|Any CPU
		{1E6CE178-A0E3-4A18-BA25-6684C412952C}.Debug|x86.Build.0 = Debug|Any CPU
		{1E6CE178-A0E3-4A18-BA25-6684C412952C}.Release|Any CPU.ActiveCfg = Release|Any CPU
		{1E6CE178-A0E3-4A18-BA25-6684C412952C}.Release|Any CPU.Build.0 = Release|Any CPU
		{1E6CE178-A0E3-4A18-BA25-6684C412952C}.Release|x64.ActiveCfg = Release|Any CPU
		{1E6CE178-A0E3-4A18-BA25-6684C412952C}.Release|x64.Build.0 = Release|Any CPU
		{1E6CE178-A0E3-4A18-BA25-6684C412952C}.Release|x86.ActiveCfg = Release|Any CPU
		{1E6CE178-A0E3-4A18-BA25-6684C412952C}.Release|x86.Build.0 = Release|Any CPU
		{A692EA07-400D-4C72-9D0C-6ADED4CFE403}.Debug|Any CPU.ActiveCfg = Debug|Any CPU
		{A692EA07-400D-4C72-9D0C-6ADED4CFE403}.Debug|Any CPU.Build.0 = Debug|Any CPU
		{A692EA07-400D-4C72-9D0C-6ADED4CFE403}.Debug|x64.ActiveCfg = Debug|Any CPU
		{A692EA07-400D-4C72-9D0C-6ADED4CFE403}.Debug|x64.Build.0 = Debug|Any CPU
		{A692EA07-400D-4C72-9D0C-6ADED4CFE403}.Debug|x86.ActiveCfg = Debug|Any CPU
		{A692EA07-400D-4C72-9D0C-6ADED4CFE403}.Debug|x86.Build.0 = Debug|Any CPU
		{A692EA07-400D-4C72-9D0C-6ADED4CFE403}.Release|Any CPU.ActiveCfg = Release|Any CPU
		{A692EA07-400D-4C72-9D0C-6ADED4CFE403}.Release|Any CPU.Build.0 = Release|Any CPU
		{A692EA07-400D-4C72-9D0C-6ADED4CFE403}.Release|x64.ActiveCfg = Release|Any CPU
		{A692EA07-400D-4C72-9D0C-6ADED4CFE403}.Release|x64.Build.0 = Release|Any CPU
		{A692EA07-400D-4C72-9D0C-6ADED4CFE403}.Release|x86.ActiveCfg = Release|Any CPU
		{A692EA07-400D-4C72-9D0C-6ADED4CFE403}.Release|x86.Build.0 = Release|Any CPU
		{16808228-B626-4366-96CE-EAA69FD5ACA5}.Debug|Any CPU.ActiveCfg = Debug|Any CPU
		{16808228-B626-4366-96CE-EAA69FD5ACA5}.Debug|Any CPU.Build.0 = Debug|Any CPU
		{16808228-B626-4366-96CE-EAA69FD5ACA5}.Debug|x64.ActiveCfg = Debug|Any CPU
		{16808228-B626-4366-96CE-EAA69FD5ACA5}.Debug|x64.Build.0 = Debug|Any CPU
		{16808228-B626-4366-96CE-EAA69FD5ACA5}.Debug|x86.ActiveCfg = Debug|Any CPU
		{16808228-B626-4366-96CE-EAA69FD5ACA5}.Debug|x86.Build.0 = Debug|Any CPU
		{16808228-B626-4366-96CE-EAA69FD5ACA5}.Release|Any CPU.ActiveCfg = Release|Any CPU
		{16808228-B626-4366-96CE-EAA69FD5ACA5}.Release|Any CPU.Build.0 = Release|Any CPU
		{16808228-B626-4366-96CE-EAA69FD5ACA5}.Release|x64.ActiveCfg = Release|Any CPU
		{16808228-B626-4366-96CE-EAA69FD5ACA5}.Release|x64.Build.0 = Release|Any CPU
		{16808228-B626-4366-96CE-EAA69FD5ACA5}.Release|x86.ActiveCfg = Release|Any CPU
		{16808228-B626-4366-96CE-EAA69FD5ACA5}.Release|x86.Build.0 = Release|Any CPU
		{81BD7AB1-AEA9-473A-BCDC-6522866C5E85}.Debug|Any CPU.ActiveCfg = Debug|Any CPU
		{81BD7AB1-AEA9-473A-BCDC-6522866C5E85}.Debug|Any CPU.Build.0 = Debug|Any CPU
		{81BD7AB1-AEA9-473A-BCDC-6522866C5E85}.Debug|x64.ActiveCfg = Debug|Any CPU
		{81BD7AB1-AEA9-473A-BCDC-6522866C5E85}.Debug|x64.Build.0 = Debug|Any CPU
		{81BD7AB1-AEA9-473A-BCDC-6522866C5E85}.Debug|x86.ActiveCfg = Debug|Any CPU
		{81BD7AB1-AEA9-473A-BCDC-6522866C5E85}.Debug|x86.Build.0 = Debug|Any CPU
		{81BD7AB1-AEA9-473A-BCDC-6522866C5E85}.Release|Any CPU.ActiveCfg = Release|Any CPU
		{81BD7AB1-AEA9-473A-BCDC-6522866C5E85}.Release|Any CPU.Build.0 = Release|Any CPU
		{81BD7AB1-AEA9-473A-BCDC-6522866C5E85}.Release|x64.ActiveCfg = Release|Any CPU
		{81BD7AB1-AEA9-473A-BCDC-6522866C5E85}.Release|x64.Build.0 = Release|Any CPU
		{81BD7AB1-AEA9-473A-BCDC-6522866C5E85}.Release|x86.ActiveCfg = Release|Any CPU
		{81BD7AB1-AEA9-473A-BCDC-6522866C5E85}.Release|x86.Build.0 = Release|Any CPU
		{6DFF012A-8B0B-4E06-823E-A07BBCF5AFFB}.Debug|Any CPU.ActiveCfg = Debug|Any CPU
		{6DFF012A-8B0B-4E06-823E-A07BBCF5AFFB}.Debug|Any CPU.Build.0 = Debug|Any CPU
		{6DFF012A-8B0B-4E06-823E-A07BBCF5AFFB}.Debug|x64.ActiveCfg = Debug|Any CPU
		{6DFF012A-8B0B-4E06-823E-A07BBCF5AFFB}.Debug|x64.Build.0 = Debug|Any CPU
		{6DFF012A-8B0B-4E06-823E-A07BBCF5AFFB}.Debug|x86.ActiveCfg = Debug|Any CPU
		{6DFF012A-8B0B-4E06-823E-A07BBCF5AFFB}.Debug|x86.Build.0 = Debug|Any CPU
		{6DFF012A-8B0B-4E06-823E-A07BBCF5AFFB}.Release|Any CPU.ActiveCfg = Release|Any CPU
		{6DFF012A-8B0B-4E06-823E-A07BBCF5AFFB}.Release|Any CPU.Build.0 = Release|Any CPU
		{6DFF012A-8B0B-4E06-823E-A07BBCF5AFFB}.Release|x64.ActiveCfg = Release|Any CPU
		{6DFF012A-8B0B-4E06-823E-A07BBCF5AFFB}.Release|x64.Build.0 = Release|Any CPU
		{6DFF012A-8B0B-4E06-823E-A07BBCF5AFFB}.Release|x86.ActiveCfg = Release|Any CPU
		{6DFF012A-8B0B-4E06-823E-A07BBCF5AFFB}.Release|x86.Build.0 = Release|Any CPU
	EndGlobalSection
	GlobalSection(SolutionProperties) = preSolution
		HideSolutionNode = FALSE
	EndGlobalSection
	GlobalSection(NestedProjects) = preSolution
		{3BFAEA51-8A9B-473C-A689-ACAE6DC5AE7E} = {827E0CD3-B72D-47B6-A68D-7590B98EB39B}
		{510D342B-19DB-D665-C227-CF21083D95D6} = {827E0CD3-B72D-47B6-A68D-7590B98EB39B}
		{AA96863E-9346-49F3-AD16-F4A6DEE10032} = {510D342B-19DB-D665-C227-CF21083D95D6}
		{779A15FB-EA76-480A-A76A-BCEE6703BD9E} = {510D342B-19DB-D665-C227-CF21083D95D6}
		{7443FAA0-0CBB-4B8D-B521-02188CF37FB6} = {510D342B-19DB-D665-C227-CF21083D95D6}
		{4ABA534C-4A87-4B1C-850E-A0EC45ECDB4E} = {510D342B-19DB-D665-C227-CF21083D95D6}
		{F93D004A-87CD-C9ED-684C-C78CC8DBD63B} = {0AB3BF05-4346-4AA6-1389-037BE0695223}
		{046561FD-5914-4FAC-A648-17581FF4027E} = {F93D004A-87CD-C9ED-684C-C78CC8DBD63B}
		{1E6CE178-A0E3-4A18-BA25-6684C412952C} = {F93D004A-87CD-C9ED-684C-C78CC8DBD63B}
		{A692EA07-400D-4C72-9D0C-6ADED4CFE403} = {F93D004A-87CD-C9ED-684C-C78CC8DBD63B}
		{16808228-B626-4366-96CE-EAA69FD5ACA5} = {0AB3BF05-4346-4AA6-1389-037BE0695223}
		{81BD7AB1-AEA9-473A-BCDC-6522866C5E85} = {0AB3BF05-4346-4AA6-1389-037BE0695223}
		{6DFF012A-8B0B-4E06-823E-A07BBCF5AFFB} = {07C2787E-EAC7-C090-1BA3-A61EC2A24D84}
	EndGlobalSection
EndGlobal
